{
  "requires": true,
  "lockfileVersion": 1,
  "dependencies": {
    "@uirouter/core": {
      "version": "5.0.3",
      "resolved": "https://registry.npmjs.org/@uirouter/core/-/core-5.0.3.tgz",
      "integrity": "sha1-4rWx5FGQ4gxnuk4VwBPeXU4MyrM="
    },
    "angular": {
      "version": "1.5.11",
      "resolved": "https://registry.npmjs.org/angular/-/angular-1.5.11.tgz",
      "integrity": "sha1-jFunOG8VllyazzQp9ogVU6raMNY="
    },
    "angular-animate": {
      "version": "1.5.11",
      "resolved": "https://registry.npmjs.org/angular-animate/-/angular-animate-1.5.11.tgz",
      "integrity": "sha1-G6pDwwPRuTxOaqiUU7ORFLehxmk="
    },
    "angular-touch": {
      "version": "1.5.11",
      "resolved": "https://registry.npmjs.org/angular-touch/-/angular-touch-1.5.11.tgz",
      "integrity": "sha1-YfRpxH7PiXn7QQyNOmFdMk0rFe8=",
      "dev": true
    },
    "angular-ui-router": {
      "version": "1.0.3",
      "resolved": "https://registry.npmjs.org/angular-ui-router/-/angular-ui-router-1.0.3.tgz",
      "integrity": "sha1-vySUyq6Vw3zwGvN2HYl0fP7S20U=",
      "requires": {
        "@uirouter/core": "5.0.3"
      }
    },
    "bootstrap": {
      "version": "3.3.7",
      "resolved": "https://registry.npmjs.org/bootstrap/-/bootstrap-3.3.7.tgz",
      "integrity": "sha1-WjiTlFSfIzMIdaOxUGVldPip63E="
    },
    "jquery": {
      "version": "1.12.4",
      "resolved": "https://registry.npmjs.org/jquery/-/jquery-1.12.4.tgz",
      "integrity": "sha1-AeHfuikP5z3rp3zurLD5ui/sngw="
    }
  }
}
